// !$*UTF8*$!
{
	archiveVersion = 1;
	classes = {
	};
	objectVersion = 46;
	objects = {

/* Begin PBXBuildFile section */
		024DED3A1C5D29EC0070F885 /* AppDelegate.swift in Sources */ = {isa = PBXBuildFile; fileRef = 024DED391C5D29EC0070F885 /* AppDelegate.swift */; };
		024DED3C1C5D29EC0070F885 /* ViewController.swift in Sources */ = {isa = PBXBuildFile; fileRef = 024DED3B1C5D29EC0070F885 /* ViewController.swift */; };
		024DED3F1C5D29EC0070F885 /* Main.storyboard in Resources */ = {isa = PBXBuildFile; fileRef = 024DED3D1C5D29EC0070F885 /* Main.storyboard */; };
		024DED411C5D29EC0070F885 /* Assets.xcassets in Resources */ = {isa = PBXBuildFile; fileRef = 024DED401C5D29EC0070F885 /* Assets.xcassets */; };
		024DED441C5D29EC0070F885 /* LaunchScreen.storyboard in Resources */ = {isa = PBXBuildFile; fileRef = 024DED421C5D29EC0070F885 /* LaunchScreen.storyboard */; };
/* End PBXBuildFile section */

/* Begin PBXFileReference section */
		024DED361C5D29EC0070F885 /* Pizza4LeticiaF.app */ = {isa = PBXFileReference; explicitFileType = wrapper.application; includeInIndex = 0; path = Pizza4LeticiaF.app; sourceTree = BUILT_PRODUCTS_DIR; };
		024DED391C5D29EC0070F885 /* AppDelegate.swift */ = {isa = PBXFileReference; lastKnownFileType = sourcecode.swift; path = AppDelegate.swift; sourceTree = "<group>"; };
		024DED3B1C5D29EC0070F885 /* ViewController.swift */ = {isa = PBXFileReference; lastKnownFileType = sourcecode.swift; path = ViewController.swift; sourceTree = "<group>"; };
		024DED3E1C5D29EC0070F885 /* Base */ = {isa = PBXFileReference; lastKnownFileType = file.storyboard; name = Base; path = Base.lproj/Main.storyboard; sourceTree = "<group>"; };
		024DED401C5D29EC0070F885 /* Assets.xcassets */ = {isa = PBXFileReference; lastKnownFileType = folder.assetcatalog; path = Assets.xcassets; sourceTree = "<group>"; };
		024DED431C5D29EC0070F885 /* Base */ = {isa = PBXFileReference; lastKnownFileType = file.storyboard; name = Base; path = Base.lproj/LaunchScreen.storyboard; sourceTree = "<group>"; };
		024DED451C5D29EC0070F885 /* Info.plist */ = {isa = PBXFileReference; lastKnownFileType = text.plist.xml; path = Info.plist; sourceTree = "<group>"; };
/* End PBXFileReference section */

/* Begin PBXFrameworksBuildPhase section */
		024DED331C5D29EC0070F885 /* Frameworks */ = {
			isa = PBXFrameworksBuildPhase;
			buildActionMask = 2147483647;
			files = (
			);
			runOnlyForDeploymentPostprocessing = 0;
		};
/* End PBXFrameworksBuildPhase section */

/* Begin PBXGroup section */
		024DED2D1C5D29EC0070F885 = {
			isa = PBXGroup;
			children = (
				024DED381C5D29EC0070F885 /* Pizza4LeticiaF */,
				024DED371C5D29EC0070F885 /* Products */,
			);
			sourceTree = "<group>";
		};
		024DED371C5D29EC0070F885 /* Products */ = {
			isa = PBXGroup;
			children = (
				024DED361C5D29EC0070F885 /* Pizza4LeticiaF.app */,
			);
			name = Products;
			sourceTree = "<group>";
		};
		024DED381C5D29EC0070F885 /* Pizza4LeticiaF */ = {
			isa = PBXGroup;
			children = (
				024DED391C5D29EC0070F885 /* AppDelegate.swift */,
				024DED3B1C5D29EC0070F885 /* ViewController.swift */,
				024DED3D1C5D29EC0070F885 /* Main.storyboard */,
				024DED401C5D29EC0070F885 /* Assets.xcassets */,
				024DED421C5D29EC0070F885 /* LaunchScreen.storyboard */,
				024DED451C5D29EC0070F885 /* Info.plist */,
			);
			path = Pizza4LeticiaF;
			sourceTree = "<group>";
		};
/* End PBXGroup section */

/* Begin PBXNativeTarget section */
		024DED351C5D29EC0070F885 /* Pizza4LeticiaF */ = {
			isa = PBXNativeTarget;
			buildConfigurationList = 024DED481C5D29EC0070F885 /* Build configuration list for PBXNativeTarget "Pizza4LeticiaF" */;
			buildPhases = (
				024DED321C5D29EC0070F885 /* Sources */,
				024DED331C5D29EC0070F885 /* Frameworks */,
				024DED341C5D29EC0070F885 /* Resources */,
			);
			buildRules = (
			);
			dependencies = (
			);
			name = Pizza4LeticiaF;
			productName = Pizza4LeticiaF;
			productReference = 024DED361C5D29EC0070F885 /* Pizza4LeticiaF.app */;
			productType = "com.apple.product-type.application";
		};
/* End PBXNativeTarget section */

/* Begin PBXProject section */
		024DED2E1C5D29EC0070F885 /* Project object */ = {
			isa = PBXProject;
			attributes = {
				LastSwiftUpdateCheck = 0720;
				LastUpgradeCheck = 0720;
				ORGANIZATIONNAME = "Instituto Cultural Cuernavaca";
				TargetAttributes = {
					024DED351C5D29EC0070F885 = {
						CreatedOnToolsVersion = 7.2;
					};
				};
			};
			buildConfigurationList = 024DED311C5D29EC0070F885 /* Build configuration list for PBXProject "Pizza4LeticiaF" */;
			compatibilityVersion = "Xcode 3.2";
			developmentRegion = English;
			hasScannedForEncodings = 0;
			knownRegions = (
				en,
				Base,
			);
			mainGroup = 024DED2D1C5D29EC0070F885;
			productRefGroup = 024DED371C5D29EC0070F885 /* Products */;
			projectDirPath = "";
			projectRoot = "";
			targets = (
				024DED351C5D29EC0070F885 /* Pizza4LeticiaF */,
			);
		};
/* End PBXProject section */

/* Begin PBXResourcesBuildPhase section */
		024DED341C5D29EC0070F885 /* Resources */ = {
			isa = PBXResourcesBuildPhase;
			buildActionMask = 2147483647;
			files = (
				024DED441C5D29EC0070F885 /* LaunchScreen.storyboard in Resources */,
				024DED411C5D29EC0070F885 /* Assets.xcassets in Resources */,
				024DED3F1C5D29EC0070F885 /* Main.storyboard in Resources */,
			);
			runOnlyForDeploymentPostprocessing = 0;
		};
/* End PBXResourcesBuildPhase section */

/* Begin PBXSourcesBuildPhase section */
		024DED321C5D29EC0070F885 /* Sources */ = {
			isa = PBXSourcesBuildPhase;
			buildActionMask = 2147483647;
			files = (
				024DED3C1C5D29EC0070F885 /* ViewController.swift in Sources */,
				024DED3A1C5D29EC0070F885 /* AppDelegate.swift in Sources */,
			);
			runOnlyForDeploymentPostprocessing = 0;
		};
/* End PBXSourcesBuildPhase section */

/* Begin PBXVariantGroup section */
		024DED3D1C5D29EC0070F885 /* Main.storyboard */ = {
			isa = PBXVariantGroup;
			children = (
				024DED3E1C5D29EC0070F885 /* Base */,
			);
			name = Main.storyboard;
			sourceTree = "<group>";
		};
		024DED421C5D29EC0070F885 /* LaunchScreen.storyboard */ = {
			isa = PBXVariantGroup;
			children = (
				024DED431C5D29EC0070F885 /* Base */,
			);
			name = LaunchScreen.storyboard;
			sourceTree = "<group>";
		};
/* End PBXVariantGroup section */

/* Begin XCBuildConfiguration section */
		024DED461C5D29EC0070F885 /* Debug */ = {
			isa = XCBuildConfiguration;
			buildSettings = {
				ALWAYS_SEARCH_USER_PATHS = NO;
				CLANG_CXX_LANGUAGE_STANDARD = "gnu++0x";
				CLANG_CXX_LIBRARY = "libc++";
				CLANG_ENABLE_MODULES = YES;
				CLANG_ENABLE_OBJC_ARC = YES;
				CLANG_WARN_BOOL_CONVERSION = YES;
				CLANG_WARN_CONSTANT_CONVERSION = YES;
				CLANG_WARN_DIRECT_OBJC_ISA_USAGE = YES_ERROR;
				CLANG_WARN_EMPTY_BODY = YES;
				CLANG_WARN_ENUM_CONVERSION = YES;
				CLANG_WARN_INT_CONVERSION = YES;
				CLANG_WARN_OBJC_ROOT_CLASS = YES_ERROR;
				CLANG_WARN_UNREACHABLE_CODE = YES;
				CLANG_WARN__DUPLICATE_METHOD_MATCH = YES;
				"CODE_SIGN_IDENTITY[sdk=iphoneos*]" = "iPhone Developer";
				COPY_PHASE_STRIP = NO;
				DEBUG_INFORMATION_FORMAT = dwarf;
				ENABLE_STRICT_OBJC_MSGSEND = YES;
				ENABLE_TESTABILITY = YES;
				GCC_C_LANGUAGE_STANDARD = gnu99;
				GCC_DYNAMIC_NO_PIC = NO;
				GCC_NO_COMMON_BLOCKS = YES;
				GCC_OPTIMIZATION_LEVEL = 0;
				GCC_PREPROCESSOR_DEFINITIONS = (
					"DEBUG=1",
					"$(inherited)",
				);
				GCC_WARN_64_TO_32_BIT_CONVERSION = YES;
				GCC_WARN_ABOUT_RETURN_TYPE = YES_ERROR;
				GCC_WARN_UNDECLARED_SELECTOR = YES;
				GCC_WARN_UNINITIALIZED_AUTOS = YES_AGGRESSIVE;
				GCC_WARN_UNUSED_FUNCTION = YES;
				GCC_WARN_UNUSED_VARIABLE = YES;
				IPHONEOS_DEPLOYMENT_TARGET = 9.2;
				MTL_ENABLE_DEBUG_INFO = YES;
				ONLY_ACTIVE_ARCH = YES;
				SDKROOT = iphoneos;
				SWIFT_OPTIMIZATION_LEVEL = "-Onone";
				TARGETED_DEVICE_FAMILY = "1,2";
			};
			name = Debug;
		};
		024DED471C5D29EC0070F885 /* Release */ = {
			isa = XCBuildConfiguration;
			buildSettings = {
				ALWAYS_SEARCH_USER_PATHS = NO;
				CLANG_CXX_LANGUAGE_STANDARD = "gnu++0x";
				CLANG_CXX_LIBRARY = "libc++";
				CLANG_ENABLE_MODULES = YES;
				CLANG_ENABLE_OBJC_ARC = YES;
				CLANG_WARN_BOOL_CONVERSION = YES;
				CLANG_WARN_CONSTANT_CONVERSION = YES;
				CLANG_WARN_DIRECT_OBJC_ISA_USAGE = YES_ERROR;
				CLANG_WARN_EMPTY_BODY = YES;
				CLANG_WARN_ENUM_CONVERSION = YES;
				CLANG_WARN_INT_CONVERSION = YES;
				CLANG_WARN_OBJC_ROOT_CLASS = YES_ERROR;
				CLANG_WARN_UNREACHABLE_CODE = YES;
				CLANG_WARN__DUPLICATE_METHOD_MATCH = YES;
				"CODE_SIGN_IDENTITY[sdk=iphoneos*]" = "iPhone Developer";
				COPY_PHASE_STRIP = NO;
				DEBUG_INFORMATION_FORMAT = "dwarf-with-dsym";
				ENABLE_NS_ASSERTIONS = NO;
				ENABLE_STRICT_OBJC_MSGSEND = YES;
				GCC_C_LANGUAGE_STANDARD = gnu99;
				GCC_NO_COMMON_BLOCKS = YES;
				GCC_WARN_64_TO_32_BIT_CONVERSION = YES;
				GCC_WARN_ABOUT_RETURN_TYPE = YES_ERROR;
				GCC_WARN_UNDECLARED_SELECTOR = YES;
				GCC_WARN_UNINITIALIZED_AUTOS = YES_AGGRESSIVE;
				GCC_WARN_UNUSED_FUNCTION = YES;
				GCC_WARN_UNUSED_VARIABLE = YES;
				IPHONEOS_DEPLOYMENT_TARGET = 9.2;
				MTL_ENABLE_DEBUG_INFO = NO;
				SDKROOT = iphoneos;
				TARGETED_DEVICE_FAMILY = "1,2";
				VALIDATE_PRODUCT = YES;
			};
			name = Release;
		};
		024DED491C5D29EC0070F885 /* Debug */ = {
			isa = XCBuildConfiguration;
			buildSettings = {
				ASSETCATALOG_COMPILER_APPICON_NAME = AppIcon;
				INFOPLIST_FILE = Pizza4LeticiaF/Info.plist;
				LD_RUNPATH_SEARCH_PATHS = "$(inherited) @executable_path/Frameworks";
				PRODUCT_BUNDLE_IDENTIFIER = mx.edu.marymount.Pizza4LeticiaF;
				PRODUCT_NAME = "$(TARGET_NAME)";
			};
			name = Debug;
		};
		024DED4A1C5D29EC0070F885 /* Release */ = {
			isa = XCBuildConfiguration;
			buildSettings = {
				ASSETCATALOG_COMPILER_APPICON_NAME = AppIcon;
				INFOPLIST_FILE = Pizza4LeticiaF/Info.plist;
				LD_RUNPATH_SEARCH_PATHS = "$(inherited) @executable_path/Frameworks";
				PRODUCT_BUNDLE_IDENTIFIER = mx.edu.marymount.Pizza4LeticiaF;
				PRODUCT_NAME = "$(TARGET_NAME)";
			};
			name = Release;
		};
/* End XCBuildConfiguration section */

/* Begin XCConfigurationList section */
		024DED311C5D29EC0070F885 /* Build configuration list for PBXProject "Pizza4LeticiaF" */ = {
			isa = XCConfigurationList;
			buildConfigurations = (
				024DED461C5D29EC0070F885 /* Debug */,
				024DED471C5D29EC0070F885 /* Release */,
			);
			defaultConfigurationIsVisible = 0;
			defaultConfigurationName = Release;
		};
		024DED481C5D29EC0070F885 /* Build configuration list for PBXNativeTarget "Pizza4LeticiaF" */ = {
			isa = XCConfigurationList;
			buildConfigurations = (
				024DED491C5D29EC0070F885 /* Debug */,
				024DED4A1C5D29EC0070F885 /* Release */,
			);
			defaultConfigurationIsVisible = 0;
		};
/* End XCConfigurationList section */
	};
	rootObject = 024DED2E1C5D29EC0070F885 /* Project object */;
}
