// !$*UTF8*$!
{
	archiveVersion = 1;
	classes = {
	};
	objectVersion = 46;
	objects = {

/* Begin PBXBuildFile section */
		0230A5171D2DBEF100DBA4CF /* VistaMasa.swift in Sources */ = {isa = PBXBuildFile; fileRef = 0230A5161D2DBEF100DBA4CF /* VistaMasa.swift */; };
		0230A5191D2F02D800DBA4CF /* VistaPizza.swift in Sources */ = {isa = PBXBuildFile; fileRef = 0230A5181D2F02D800DBA4CF /* VistaPizza.swift */; };
		02F526461D2C68660057F86D /* AppDelegate.swift in Sources */ = {isa = PBXBuildFile; fileRef = 02F526451D2C68660057F86D /* AppDelegate.swift */; };
		02F526481D2C68660057F86D /* ViewController.swift in Sources */ = {isa = PBXBuildFile; fileRef = 02F526471D2C68660057F86D /* ViewController.swift */; };
		02F5264B1D2C68660057F86D /* Main.storyboard in Resources */ = {isa = PBXBuildFile; fileRef = 02F526491D2C68660057F86D /* Main.storyboard */; };
		02F5264D1D2C68660057F86D /* Assets.xcassets in Resources */ = {isa = PBXBuildFile; fileRef = 02F5264C1D2C68660057F86D /* Assets.xcassets */; };
		02F526501D2C68660057F86D /* LaunchScreen.storyboard in Resources */ = {isa = PBXBuildFile; fileRef = 02F5264E1D2C68660057F86D /* LaunchScreen.storyboard */; };
/* End PBXBuildFile section */

/* Begin PBXFileReference section */
		0230A5161D2DBEF100DBA4CF /* VistaMasa.swift */ = {isa = PBXFileReference; fileEncoding = 4; lastKnownFileType = sourcecode.swift; path = VistaMasa.swift; sourceTree = "<group>"; };
		0230A5181D2F02D800DBA4CF /* VistaPizza.swift */ = {isa = PBXFileReference; fileEncoding = 4; lastKnownFileType = sourcecode.swift; path = VistaPizza.swift; sourceTree = "<group>"; };
		02F526421D2C68660057F86D /* Pizza5LeticiaFerreyro.app */ = {isa = PBXFileReference; explicitFileType = wrapper.application; includeInIndex = 0; path = Pizza5LeticiaFerreyro.app; sourceTree = BUILT_PRODUCTS_DIR; };
		02F526451D2C68660057F86D /* AppDelegate.swift */ = {isa = PBXFileReference; lastKnownFileType = sourcecode.swift; path = AppDelegate.swift; sourceTree = "<group>"; };
		02F526471D2C68660057F86D /* ViewController.swift */ = {isa = PBXFileReference; lastKnownFileType = sourcecode.swift; path = ViewController.swift; sourceTree = "<group>"; };
		02F5264A1D2C68660057F86D /* Base */ = {isa = PBXFileReference; lastKnownFileType = file.storyboard; name = Base; path = Base.lproj/Main.storyboard; sourceTree = "<group>"; };
		02F5264C1D2C68660057F86D /* Assets.xcassets */ = {isa = PBXFileReference; lastKnownFileType = folder.assetcatalog; path = Assets.xcassets; sourceTree = "<group>"; };
		02F5264F1D2C68660057F86D /* Base */ = {isa = PBXFileReference; lastKnownFileType = file.storyboard; name = Base; path = Base.lproj/LaunchScreen.storyboard; sourceTree = "<group>"; };
		02F526511D2C68660057F86D /* Info.plist */ = {isa = PBXFileReference; lastKnownFileType = text.plist.xml; path = Info.plist; sourceTree = "<group>"; };
/* End PBXFileReference section */

/* Begin PBXFrameworksBuildPhase section */
		02F5263F1D2C68660057F86D /* Frameworks */ = {
			isa = PBXFrameworksBuildPhase;
			buildActionMask = 2147483647;
			files = (
			);
			runOnlyForDeploymentPostprocessing = 0;
		};
/* End PBXFrameworksBuildPhase section */

/* Begin PBXGroup section */
		02F526391D2C68660057F86D = {
			isa = PBXGroup;
			children = (
				02F526441D2C68660057F86D /* Pizza5LeticiaFerreyro */,
				02F526431D2C68660057F86D /* Products */,
			);
			sourceTree = "<group>";
		};
		02F526431D2C68660057F86D /* Products */ = {
			isa = PBXGroup;
			children = (
				02F526421D2C68660057F86D /* Pizza5LeticiaFerreyro.app */,
			);
			name = Products;
			sourceTree = "<group>";
		};
		02F526441D2C68660057F86D /* Pizza5LeticiaFerreyro */ = {
			isa = PBXGroup;
			children = (
				02F526451D2C68660057F86D /* AppDelegate.swift */,
				02F526471D2C68660057F86D /* ViewController.swift */,
				02F526491D2C68660057F86D /* Main.storyboard */,
				02F5264C1D2C68660057F86D /* Assets.xcassets */,
				02F5264E1D2C68660057F86D /* LaunchScreen.storyboard */,
				02F526511D2C68660057F86D /* Info.plist */,
				0230A5161D2DBEF100DBA4CF /* VistaMasa.swift */,
				0230A5181D2F02D800DBA4CF /* VistaPizza.swift */,
			);
			path = Pizza5LeticiaFerreyro;
			sourceTree = "<group>";
		};
/* End PBXGroup section */

/* Begin PBXNativeTarget section */
		02F526411D2C68660057F86D /* Pizza5LeticiaFerreyro */ = {
			isa = PBXNativeTarget;
			buildConfigurationList = 02F526541D2C68660057F86D /* Build configuration list for PBXNativeTarget "Pizza5LeticiaFerreyro" */;
			buildPhases = (
				02F5263E1D2C68660057F86D /* Sources */,
				02F5263F1D2C68660057F86D /* Frameworks */,
				02F526401D2C68660057F86D /* Resources */,
			);
			buildRules = (
			);
			dependencies = (
			);
			name = Pizza5LeticiaFerreyro;
			productName = Pizza5LeticiaFerreyro;
			productReference = 02F526421D2C68660057F86D /* Pizza5LeticiaFerreyro.app */;
			productType = "com.apple.product-type.application";
		};
/* End PBXNativeTarget section */

/* Begin PBXProject section */
		02F5263A1D2C68660057F86D /* Project object */ = {
			isa = PBXProject;
			attributes = {
				LastSwiftUpdateCheck = 0720;
				LastUpgradeCheck = 0720;
				ORGANIZATIONNAME = "Instituto Cultural Cuernavaca";
				TargetAttributes = {
					02F526411D2C68660057F86D = {
						CreatedOnToolsVersion = 7.2;
					};
				};
			};
			buildConfigurationList = 02F5263D1D2C68660057F86D /* Build configuration list for PBXProject "Pizza5LeticiaFerreyro" */;
			compatibilityVersion = "Xcode 3.2";
			developmentRegion = English;
			hasScannedForEncodings = 0;
			knownRegions = (
				en,
				Base,
			);
			mainGroup = 02F526391D2C68660057F86D;
			productRefGroup = 02F526431D2C68660057F86D /* Products */;
			projectDirPath = "";
			projectRoot = "";
			targets = (
				02F526411D2C68660057F86D /* Pizza5LeticiaFerreyro */,
			);
		};
/* End PBXProject section */

/* Begin PBXResourcesBuildPhase section */
		02F526401D2C68660057F86D /* Resources */ = {
			isa = PBXResourcesBuildPhase;
			buildActionMask = 2147483647;
			files = (
				02F526501D2C68660057F86D /* LaunchScreen.storyboard in Resources */,
				02F5264D1D2C68660057F86D /* Assets.xcassets in Resources */,
				02F5264B1D2C68660057F86D /* Main.storyboard in Resources */,
			);
			runOnlyForDeploymentPostprocessing = 0;
		};
/* End PBXResourcesBuildPhase section */

/* Begin PBXSourcesBuildPhase section */
		02F5263E1D2C68660057F86D /* Sources */ = {
			isa = PBXSourcesBuildPhase;
			buildActionMask = 2147483647;
			files = (
				0230A5191D2F02D800DBA4CF /* VistaPizza.swift in Sources */,
				02F526481D2C68660057F86D /* ViewController.swift in Sources */,
				0230A5171D2DBEF100DBA4CF /* VistaMasa.swift in Sources */,
				02F526461D2C68660057F86D /* AppDelegate.swift in Sources */,
			);
			runOnlyForDeploymentPostprocessing = 0;
		};
/* End PBXSourcesBuildPhase section */

/* Begin PBXVariantGroup section */
		02F526491D2C68660057F86D /* Main.storyboard */ = {
			isa = PBXVariantGroup;
			children = (
				02F5264A1D2C68660057F86D /* Base */,
			);
			name = Main.storyboard;
			sourceTree = "<group>";
		};
		02F5264E1D2C68660057F86D /* LaunchScreen.storyboard */ = {
			isa = PBXVariantGroup;
			children = (
				02F5264F1D2C68660057F86D /* Base */,
			);
			name = LaunchScreen.storyboard;
			sourceTree = "<group>";
		};
/* End PBXVariantGroup section */

/* Begin XCBuildConfiguration section */
		02F526521D2C68660057F86D /* Debug */ = {
			isa = XCBuildConfiguration;
			buildSettings = {
				ALWAYS_SEARCH_USER_PATHS = NO;
				CLANG_CXX_LANGUAGE_STANDARD = "gnu++0x";
				CLANG_CXX_LIBRARY = "libc++";
				CLANG_ENABLE_MODULES = YES;
				CLANG_ENABLE_OBJC_ARC = YES;
				CLANG_WARN_BOOL_CONVERSION = YES;
				CLANG_WARN_CONSTANT_CONVERSION = YES;
				CLANG_WARN_DIRECT_OBJC_ISA_USAGE = YES_ERROR;
				CLANG_WARN_EMPTY_BODY = YES;
				CLANG_WARN_ENUM_CONVERSION = YES;
				CLANG_WARN_INT_CONVERSION = YES;
				CLANG_WARN_OBJC_ROOT_CLASS = YES_ERROR;
				CLANG_WARN_UNREACHABLE_CODE = YES;
				CLANG_WARN__DUPLICATE_METHOD_MATCH = YES;
				"CODE_SIGN_IDENTITY[sdk=iphoneos*]" = "iPhone Developer";
				COPY_PHASE_STRIP = NO;
				DEBUG_INFORMATION_FORMAT = dwarf;
				ENABLE_STRICT_OBJC_MSGSEND = YES;
				ENABLE_TESTABILITY = YES;
				GCC_C_LANGUAGE_STANDARD = gnu99;
				GCC_DYNAMIC_NO_PIC = NO;
				GCC_NO_COMMON_BLOCKS = YES;
				GCC_OPTIMIZATION_LEVEL = 0;
				GCC_PREPROCESSOR_DEFINITIONS = (
					"DEBUG=1",
					"$(inherited)",
				);
				GCC_WARN_64_TO_32_BIT_CONVERSION = YES;
				GCC_WARN_ABOUT_RETURN_TYPE = YES_ERROR;
				GCC_WARN_UNDECLARED_SELECTOR = YES;
				GCC_WARN_UNINITIALIZED_AUTOS = YES_AGGRESSIVE;
				GCC_WARN_UNUSED_FUNCTION = YES;
				GCC_WARN_UNUSED_VARIABLE = YES;
				IPHONEOS_DEPLOYMENT_TARGET = 9.2;
				MTL_ENABLE_DEBUG_INFO = YES;
				ONLY_ACTIVE_ARCH = YES;
				SDKROOT = iphoneos;
				SWIFT_OPTIMIZATION_LEVEL = "-Onone";
				TARGETED_DEVICE_FAMILY = "1,2";
			};
			name = Debug;
		};
		02F526531D2C68660057F86D /* Release */ = {
			isa = XCBuildConfiguration;
			buildSettings = {
				ALWAYS_SEARCH_USER_PATHS = NO;
				CLANG_CXX_LANGUAGE_STANDARD = "gnu++0x";
				CLANG_CXX_LIBRARY = "libc++";
				CLANG_ENABLE_MODULES = YES;
				CLANG_ENABLE_OBJC_ARC = YES;
				CLANG_WARN_BOOL_CONVERSION = YES;
				CLANG_WARN_CONSTANT_CONVERSION = YES;
				CLANG_WARN_DIRECT_OBJC_ISA_USAGE = YES_ERROR;
				CLANG_WARN_EMPTY_BODY = YES;
				CLANG_WARN_ENUM_CONVERSION = YES;
				CLANG_WARN_INT_CONVERSION = YES;
				CLANG_WARN_OBJC_ROOT_CLASS = YES_ERROR;
				CLANG_WARN_UNREACHABLE_CODE = YES;
				CLANG_WARN__DUPLICATE_METHOD_MATCH = YES;
				"CODE_SIGN_IDENTITY[sdk=iphoneos*]" = "iPhone Developer";
				COPY_PHASE_STRIP = NO;
				DEBUG_INFORMATION_FORMAT = "dwarf-with-dsym";
				ENABLE_NS_ASSERTIONS = NO;
				ENABLE_STRICT_OBJC_MSGSEND = YES;
				GCC_C_LANGUAGE_STANDARD = gnu99;
				GCC_NO_COMMON_BLOCKS = YES;
				GCC_WARN_64_TO_32_BIT_CONVERSION = YES;
				GCC_WARN_ABOUT_RETURN_TYPE = YES_ERROR;
				GCC_WARN_UNDECLARED_SELECTOR = YES;
				GCC_WARN_UNINITIALIZED_AUTOS = YES_AGGRESSIVE;
				GCC_WARN_UNUSED_FUNCTION = YES;
				GCC_WARN_UNUSED_VARIABLE = YES;
				IPHONEOS_DEPLOYMENT_TARGET = 9.2;
				MTL_ENABLE_DEBUG_INFO = NO;
				SDKROOT = iphoneos;
				TARGETED_DEVICE_FAMILY = "1,2";
				VALIDATE_PRODUCT = YES;
			};
			name = Release;
		};
		02F526551D2C68660057F86D /* Debug */ = {
			isa = XCBuildConfiguration;
			buildSettings = {
				ASSETCATALOG_COMPILER_APPICON_NAME = AppIcon;
				INFOPLIST_FILE = Pizza5LeticiaFerreyro/Info.plist;
				LD_RUNPATH_SEARCH_PATHS = "$(inherited) @executable_path/Frameworks";
				PRODUCT_BUNDLE_IDENTIFIER = mx.edu.marymount.Pizza5LeticiaFerreyro;
				PRODUCT_NAME = "$(TARGET_NAME)";
			};
			name = Debug;
		};
		02F526561D2C68660057F86D /* Release */ = {
			isa = XCBuildConfiguration;
			buildSettings = {
				ASSETCATALOG_COMPILER_APPICON_NAME = AppIcon;
				INFOPLIST_FILE = Pizza5LeticiaFerreyro/Info.plist;
				LD_RUNPATH_SEARCH_PATHS = "$(inherited) @executable_path/Frameworks";
				PRODUCT_BUNDLE_IDENTIFIER = mx.edu.marymount.Pizza5LeticiaFerreyro;
				PRODUCT_NAME = "$(TARGET_NAME)";
			};
			name = Release;
		};
/* End XCBuildConfiguration section */

/* Begin XCConfigurationList section */
		02F5263D1D2C68660057F86D /* Build configuration list for PBXProject "Pizza5LeticiaFerreyro" */ = {
			isa = XCConfigurationList;
			buildConfigurations = (
				02F526521D2C68660057F86D /* Debug */,
				02F526531D2C68660057F86D /* Release */,
			);
			defaultConfigurationIsVisible = 0;
			defaultConfigurationName = Release;
		};
		02F526541D2C68660057F86D /* Build configuration list for PBXNativeTarget "Pizza5LeticiaFerreyro" */ = {
			isa = XCConfigurationList;
			buildConfigurations = (
				02F526551D2C68660057F86D /* Debug */,
				02F526561D2C68660057F86D /* Release */,
			);
			defaultConfigurationIsVisible = 0;
			defaultConfigurationName = Release;
		};
/* End XCConfigurationList section */
	};
	rootObject = 02F5263A1D2C68660057F86D /* Project object */;
}
